
Microsoft Visual Studio Solution File, Format Version 12.00
# Visual Studio Version 16
VisualStudioVersion = 16.0.31515.178
MinimumVisualStudioVersion = 10.0.40219.1
Project("{FAE04EC0-301F-11D3-BF4B-00C04F79EFBC}") = "LinqToMethods", "LinqToMethods\LinqToMethods.csproj", "{E408305E-6145-45A4-9BD6-2F4EE854B1F3}"
EndProject
Project("{FAE04EC0-301F-11D3-BF4B-00C04F79EFBC}") = "LinqToSQL", "LinqToSQL\LinqToSQL.csproj", "{62B84F69-3BC2-47E8-8DCC-20E6B8F16A26}"
EndProject
Project("{FAE04EC0-301F-11D3-BF4B-00C04F79EFBC}") = "E_CommercialDb", "E_CommercialDb\E_CommercialDb.csproj", "{A64C0CA5-83CE-48B1-BA40-4E692077BC8E}"
EndProject
Project("{FAE04EC0-301F-11D3-BF4B-00C04F79EFBC}") = "Dapper_CRUD", "Dapper_CRUD\Dapper_CRUD.csproj", "{E91B5127-3E92-4262-B8A3-4594A717889A}"
EndProject
Project("{FAE04EC0-301F-11D3-BF4B-00C04F79EFBC}") = "DbFirst_Procedure", "DbFirst_Procedure\DbFirst_Procedure.csproj", "{941E85A5-11FC-45AD-93E6-F34CF9F23535}"
EndProject
Project("{FAE04EC0-301F-11D3-BF4B-00C04F79EFBC}") = "Dapper_PhoneDiary", "Dapper_PhoneDiary\Dapper_PhoneDiary.csproj", "{0F834185-57FC-4BEF-B2DF-ABA14439C30D}"
EndProject
Project("{FAE04EC0-301F-11D3-BF4B-00C04F79EFBC}") = "DapperOperations_Northwind", "DapperOperations_Northwind\DapperOperations_Northwind.csproj", "{4DF87599-1A91-4F12-83C5-B098BB1D7531}"
EndProject
Global
	GlobalSection(SolutionConfigurationPlatforms) = preSolution
		Debug|Any CPU = Debug|Any CPU
		Release|Any CPU = Release|Any CPU
	EndGlobalSection
	GlobalSection(ProjectConfigurationPlatforms) = postSolution
		{E408305E-6145-45A4-9BD6-2F4EE854B1F3}.Debug|Any CPU.ActiveCfg = Debug|Any CPU
		{E408305E-6145-45A4-9BD6-2F4EE854B1F3}.Debug|Any CPU.Build.0 = Debug|Any CPU
		{E408305E-6145-45A4-9BD6-2F4EE854B1F3}.Release|Any CPU.ActiveCfg = Release|Any CPU
		{E408305E-6145-45A4-9BD6-2F4EE854B1F3}.Release|Any CPU.Build.0 = Release|Any CPU
		{62B84F69-3BC2-47E8-8DCC-20E6B8F16A26}.Debug|Any CPU.ActiveCfg = Debug|Any CPU
		{62B84F69-3BC2-47E8-8DCC-20E6B8F16A26}.Debug|Any CPU.Build.0 = Debug|Any CPU
		{62B84F69-3BC2-47E8-8DCC-20E6B8F16A26}.Release|Any CPU.ActiveCfg = Release|Any CPU
		{62B84F69-3BC2-47E8-8DCC-20E6B8F16A26}.Release|Any CPU.Build.0 = Release|Any CPU
		{A64C0CA5-83CE-48B1-BA40-4E692077BC8E}.Debug|Any CPU.ActiveCfg = Debug|Any CPU
		{A64C0CA5-83CE-48B1-BA40-4E692077BC8E}.Debug|Any CPU.Build.0 = Debug|Any CPU
		{A64C0CA5-83CE-48B1-BA40-4E692077BC8E}.Release|Any CPU.ActiveCfg = Release|Any CPU
		{A64C0CA5-83CE-48B1-BA40-4E692077BC8E}.Release|Any CPU.Build.0 = Release|Any CPU
		{E91B5127-3E92-4262-B8A3-4594A717889A}.Debug|Any CPU.ActiveCfg = Debug|Any CPU
		{E91B5127-3E92-4262-B8A3-4594A717889A}.Debug|Any CPU.Build.0 = Debug|Any CPU
		{E91B5127-3E92-4262-B8A3-4594A717889A}.Release|Any CPU.ActiveCfg = Release|Any CPU
		{E91B5127-3E92-4262-B8A3-4594A717889A}.Release|Any CPU.Build.0 = Release|Any CPU
		{941E85A5-11FC-45AD-93E6-F34CF9F23535}.Debug|Any CPU.ActiveCfg = Debug|Any CPU
		{941E85A5-11FC-45AD-93E6-F34CF9F23535}.Debug|Any CPU.Build.0 = Debug|Any CPU
		{941E85A5-11FC-45AD-93E6-F34CF9F23535}.Release|Any CPU.ActiveCfg = Release|Any CPU
		{941E85A5-11FC-45AD-93E6-F34CF9F23535}.Release|Any CPU.Build.0 = Release|Any CPU
		{0F834185-57FC-4BEF-B2DF-ABA14439C30D}.Debug|Any CPU.ActiveCfg = Debug|Any CPU
		{0F834185-57FC-4BEF-B2DF-ABA14439C30D}.Debug|Any CPU.Build.0 = Debug|Any CPU
		{0F834185-57FC-4BEF-B2DF-ABA14439C30D}.Release|Any CPU.ActiveCfg = Release|Any CPU
		{0F834185-57FC-4BEF-B2DF-ABA14439C30D}.Release|Any CPU.Build.0 = Release|Any CPU
		{4DF87599-1A91-4F12-83C5-B098BB1D7531}.Debug|Any CPU.ActiveCfg = Debug|Any CPU
		{4DF87599-1A91-4F12-83C5-B098BB1D7531}.Debug|Any CPU.Build.0 = Debug|Any CPU
		{4DF87599-1A91-4F12-83C5-B098BB1D7531}.Release|Any CPU.ActiveCfg = Release|Any CPU
		{4DF87599-1A91-4F12-83C5-B098BB1D7531}.Release|Any CPU.Build.0 = Release|Any CPU
	EndGlobalSection
	GlobalSection(SolutionProperties) = preSolution
		HideSolutionNode = FALSE
	EndGlobalSection
	GlobalSection(ExtensibilityGlobals) = postSolution
		SolutionGuid = {F78DEDC6-4476-47F4-8FF2-0561B2586C70}
	EndGlobalSection
EndGlobal
